
Microsoft Visual Studio Solution File, Format Version 11.00
# Visual Studio 2010
Project("{FAE04EC0-301F-11D3-BF4B-00C04F79EFBC}") = "Demo3", "Demo3\Demo3.csproj", "{2D5D6DE8-4A59-4C6F-9710-CD961CAB27BF}"
EndProject
Global
	GlobalSection(SolutionConfigurationPlatforms) = preSolution
		Debug|iPhoneSimulator = Debug|iPhoneSimulator
		Release|iPhoneSimulator = Release|iPhoneSimulator
		Debug|iPhone = Debug|iPhone
		Release|iPhone = Release|iPhone
		Ad-Hoc|iPhone = Ad-Hoc|iPhone
		AppStore|iPhone = AppStore|iPhone
	EndGlobalSection
	GlobalSection(ProjectConfigurationPlatforms) = postSolution
		{2D5D6DE8-4A59-4C6F-9710-CD961CAB27BF}.Ad-Hoc|iPhone.ActiveCfg = Ad-Hoc|iPhone
		{2D5D6DE8-4A59-4C6F-9710-CD961CAB27BF}.Ad-Hoc|iPhone.Build.0 = Ad-Hoc|iPhone
		{2D5D6DE8-4A59-4C6F-9710-CD961CAB27BF}.AppStore|iPhone.ActiveCfg = AppStore|iPhone
		{2D5D6DE8-4A59-4C6F-9710-CD961CAB27BF}.AppStore|iPhone.Build.0 = AppStore|iPhone
		{2D5D6DE8-4A59-4C6F-9710-CD961CAB27BF}.Debug|iPhone.ActiveCfg = Debug|iPhone
		{2D5D6DE8-4A59-4C6F-9710-CD961CAB27BF}.Debug|iPhone.Build.0 = Debug|iPhone
		{2D5D6DE8-4A59-4C6F-9710-CD961CAB27BF}.Debug|iPhoneSimulator.ActiveCfg = Debug|iPhoneSimulator
		{2D5D6DE8-4A59-4C6F-9710-CD961CAB27BF}.Debug|iPhoneSimulator.Build.0 = Debug|iPhoneSimulator
		{2D5D6DE8-4A59-4C6F-9710-CD961CAB27BF}.Release|iPhone.ActiveCfg = Release|iPhone
		{2D5D6DE8-4A59-4C6F-9710-CD961CAB27BF}.Release|iPhone.Build.0 = Release|iPhone
		{2D5D6DE8-4A59-4C6F-9710-CD961CAB27BF}.Release|iPhoneSimulator.ActiveCfg = Release|iPhoneSimulator
		{2D5D6DE8-4A59-4C6F-9710-CD961CAB27BF}.Release|iPhoneSimulator.Build.0 = Release|iPhoneSimulator
	EndGlobalSection
	GlobalSection(MonoDevelopProperties) = preSolution
		StartupItem = Demo3\Demo3.csproj
	EndGlobalSection
EndGlobal
