
Microsoft Visual Studio Solution File, Format Version 11.00
# Visual Studio 2010
Project("{FAE04EC0-301F-11D3-BF4B-00C04F79EFBC}") = "Demo5", "Demo5\Demo5.csproj", "{D1A42CD0-95FE-4F5C-ADC8-ED8E0E7D8DB7}"
EndProject
Global
	GlobalSection(SolutionConfigurationPlatforms) = preSolution
		Debug|iPhoneSimulator = Debug|iPhoneSimulator
		Release|iPhoneSimulator = Release|iPhoneSimulator
		Debug|iPhone = Debug|iPhone
		Release|iPhone = Release|iPhone
		Ad-Hoc|iPhone = Ad-Hoc|iPhone
		AppStore|iPhone = AppStore|iPhone
	EndGlobalSection
	GlobalSection(ProjectConfigurationPlatforms) = postSolution
		{D1A42CD0-95FE-4F5C-ADC8-ED8E0E7D8DB7}.Ad-Hoc|iPhone.ActiveCfg = Ad-Hoc|iPhone
		{D1A42CD0-95FE-4F5C-ADC8-ED8E0E7D8DB7}.Ad-Hoc|iPhone.Build.0 = Ad-Hoc|iPhone
		{D1A42CD0-95FE-4F5C-ADC8-ED8E0E7D8DB7}.AppStore|iPhone.ActiveCfg = AppStore|iPhone
		{D1A42CD0-95FE-4F5C-ADC8-ED8E0E7D8DB7}.AppStore|iPhone.Build.0 = AppStore|iPhone
		{D1A42CD0-95FE-4F5C-ADC8-ED8E0E7D8DB7}.Debug|iPhone.ActiveCfg = Debug|iPhone
		{D1A42CD0-95FE-4F5C-ADC8-ED8E0E7D8DB7}.Debug|iPhone.Build.0 = Debug|iPhone
		{D1A42CD0-95FE-4F5C-ADC8-ED8E0E7D8DB7}.Debug|iPhoneSimulator.ActiveCfg = Debug|iPhoneSimulator
		{D1A42CD0-95FE-4F5C-ADC8-ED8E0E7D8DB7}.Debug|iPhoneSimulator.Build.0 = Debug|iPhoneSimulator
		{D1A42CD0-95FE-4F5C-ADC8-ED8E0E7D8DB7}.Release|iPhone.ActiveCfg = Release|iPhone
		{D1A42CD0-95FE-4F5C-ADC8-ED8E0E7D8DB7}.Release|iPhone.Build.0 = Release|iPhone
		{D1A42CD0-95FE-4F5C-ADC8-ED8E0E7D8DB7}.Release|iPhoneSimulator.ActiveCfg = Release|iPhoneSimulator
		{D1A42CD0-95FE-4F5C-ADC8-ED8E0E7D8DB7}.Release|iPhoneSimulator.Build.0 = Release|iPhoneSimulator
	EndGlobalSection
	GlobalSection(MonoDevelopProperties) = preSolution
		StartupItem = Demo5\Demo5.csproj
	EndGlobalSection
EndGlobal
