
Microsoft Visual Studio Solution File, Format Version 11.00
# Visual Studio 2010
Project("{FAE04EC0-301F-11D3-BF4B-00C04F79EFBC}") = "MortalityCalculator.IOS", "MortalityCalculator.IOS\MortalityCalculator.IOS.csproj", "{D09ECA8D-0852-4D94-B87B-1B1ED578A47C}"
EndProject
Project("{FAE04EC0-301F-11D3-BF4B-00C04F79EFBC}") = "MortalityCalculator.OB", "MortalityCalculator.OB\MortalityCalculator.OB.csproj", "{62E6F934-1648-4CEB-8A8C-ABDD163D0DA0}"
EndProject
Global
	GlobalSection(SolutionConfigurationPlatforms) = preSolution
		Debug|iPhoneSimulator = Debug|iPhoneSimulator
		Release|iPhoneSimulator = Release|iPhoneSimulator
		Debug|iPhone = Debug|iPhone
		Release|iPhone = Release|iPhone
		Ad-Hoc|iPhone = Ad-Hoc|iPhone
		AppStore|iPhone = AppStore|iPhone
	EndGlobalSection
	GlobalSection(ProjectConfigurationPlatforms) = postSolution
		{62E6F934-1648-4CEB-8A8C-ABDD163D0DA0}.Ad-Hoc|iPhone.ActiveCfg = Release|Any CPU
		{62E6F934-1648-4CEB-8A8C-ABDD163D0DA0}.Ad-Hoc|iPhone.Build.0 = Release|Any CPU
		{62E6F934-1648-4CEB-8A8C-ABDD163D0DA0}.AppStore|iPhone.ActiveCfg = Release|Any CPU
		{62E6F934-1648-4CEB-8A8C-ABDD163D0DA0}.AppStore|iPhone.Build.0 = Release|Any CPU
		{62E6F934-1648-4CEB-8A8C-ABDD163D0DA0}.Debug|iPhone.ActiveCfg = Debug|Any CPU
		{62E6F934-1648-4CEB-8A8C-ABDD163D0DA0}.Debug|iPhone.Build.0 = Debug|Any CPU
		{62E6F934-1648-4CEB-8A8C-ABDD163D0DA0}.Debug|iPhoneSimulator.ActiveCfg = Debug|Any CPU
		{62E6F934-1648-4CEB-8A8C-ABDD163D0DA0}.Debug|iPhoneSimulator.Build.0 = Debug|Any CPU
		{62E6F934-1648-4CEB-8A8C-ABDD163D0DA0}.Release|iPhone.ActiveCfg = Release|Any CPU
		{62E6F934-1648-4CEB-8A8C-ABDD163D0DA0}.Release|iPhone.Build.0 = Release|Any CPU
		{62E6F934-1648-4CEB-8A8C-ABDD163D0DA0}.Release|iPhoneSimulator.ActiveCfg = Release|Any CPU
		{62E6F934-1648-4CEB-8A8C-ABDD163D0DA0}.Release|iPhoneSimulator.Build.0 = Release|Any CPU
		{D09ECA8D-0852-4D94-B87B-1B1ED578A47C}.Ad-Hoc|iPhone.ActiveCfg = Ad-Hoc|iPhone
		{D09ECA8D-0852-4D94-B87B-1B1ED578A47C}.Ad-Hoc|iPhone.Build.0 = Ad-Hoc|iPhone
		{D09ECA8D-0852-4D94-B87B-1B1ED578A47C}.AppStore|iPhone.ActiveCfg = AppStore|iPhone
		{D09ECA8D-0852-4D94-B87B-1B1ED578A47C}.AppStore|iPhone.Build.0 = AppStore|iPhone
		{D09ECA8D-0852-4D94-B87B-1B1ED578A47C}.Debug|iPhone.ActiveCfg = Debug|iPhone
		{D09ECA8D-0852-4D94-B87B-1B1ED578A47C}.Debug|iPhone.Build.0 = Debug|iPhone
		{D09ECA8D-0852-4D94-B87B-1B1ED578A47C}.Debug|iPhoneSimulator.ActiveCfg = Debug|iPhoneSimulator
		{D09ECA8D-0852-4D94-B87B-1B1ED578A47C}.Debug|iPhoneSimulator.Build.0 = Debug|iPhoneSimulator
		{D09ECA8D-0852-4D94-B87B-1B1ED578A47C}.Release|iPhone.ActiveCfg = Release|iPhone
		{D09ECA8D-0852-4D94-B87B-1B1ED578A47C}.Release|iPhone.Build.0 = Release|iPhone
		{D09ECA8D-0852-4D94-B87B-1B1ED578A47C}.Release|iPhoneSimulator.ActiveCfg = Release|iPhoneSimulator
		{D09ECA8D-0852-4D94-B87B-1B1ED578A47C}.Release|iPhoneSimulator.Build.0 = Release|iPhoneSimulator
	EndGlobalSection
	GlobalSection(MonoDevelopProperties) = preSolution
		StartupItem = MortalityCalculator.IOS\MortalityCalculator.IOS.csproj
	EndGlobalSection
EndGlobal
