
Microsoft Visual Studio Solution File, Format Version 11.00
# Visual Studio 2010
Project("{FAE04EC0-301F-11D3-BF4B-00C04F79EFBC}") = "TimerPro.IOS", "TimerPro.IOS\TimerPro.IOS.csproj", "{D4D3A830-E718-4634-A85D-FC9699C546AA}"
EndProject
Project("{FAE04EC0-301F-11D3-BF4B-00C04F79EFBC}") = "Core", "Core\Core.csproj", "{CD723EB3-A2A9-4D8D-ACB3-00C4C272F22B}"
EndProject
Project("{FAE04EC0-301F-11D3-BF4B-00C04F79EFBC}") = "TimerPro.Android", "TimerPro.Android\TimerPro.Android.csproj", "{AA22EDB4-46E0-4865-B960-199C1D0095A7}"
EndProject
Global
	GlobalSection(SolutionConfigurationPlatforms) = preSolution
		Debug|iPhoneSimulator = Debug|iPhoneSimulator
		Release|iPhoneSimulator = Release|iPhoneSimulator
		Debug|iPhone = Debug|iPhone
		Release|iPhone = Release|iPhone
		Ad-Hoc|iPhone = Ad-Hoc|iPhone
		AppStore|iPhone = AppStore|iPhone
	EndGlobalSection
	GlobalSection(ProjectConfigurationPlatforms) = postSolution
		{AA22EDB4-46E0-4865-B960-199C1D0095A7}.Ad-Hoc|iPhone.ActiveCfg = Release|Any CPU
		{AA22EDB4-46E0-4865-B960-199C1D0095A7}.Ad-Hoc|iPhone.Build.0 = Release|Any CPU
		{AA22EDB4-46E0-4865-B960-199C1D0095A7}.AppStore|iPhone.ActiveCfg = Release|Any CPU
		{AA22EDB4-46E0-4865-B960-199C1D0095A7}.AppStore|iPhone.Build.0 = Release|Any CPU
		{AA22EDB4-46E0-4865-B960-199C1D0095A7}.Debug|iPhone.ActiveCfg = Debug|Any CPU
		{AA22EDB4-46E0-4865-B960-199C1D0095A7}.Debug|iPhone.Build.0 = Debug|Any CPU
		{AA22EDB4-46E0-4865-B960-199C1D0095A7}.Debug|iPhoneSimulator.ActiveCfg = Debug|Any CPU
		{AA22EDB4-46E0-4865-B960-199C1D0095A7}.Debug|iPhoneSimulator.Build.0 = Debug|Any CPU
		{AA22EDB4-46E0-4865-B960-199C1D0095A7}.Release|iPhone.ActiveCfg = Release|Any CPU
		{AA22EDB4-46E0-4865-B960-199C1D0095A7}.Release|iPhone.Build.0 = Release|Any CPU
		{AA22EDB4-46E0-4865-B960-199C1D0095A7}.Release|iPhoneSimulator.ActiveCfg = Release|Any CPU
		{AA22EDB4-46E0-4865-B960-199C1D0095A7}.Release|iPhoneSimulator.Build.0 = Release|Any CPU
		{CD723EB3-A2A9-4D8D-ACB3-00C4C272F22B}.Ad-Hoc|iPhone.ActiveCfg = Release|Any CPU
		{CD723EB3-A2A9-4D8D-ACB3-00C4C272F22B}.Ad-Hoc|iPhone.Build.0 = Release|Any CPU
		{CD723EB3-A2A9-4D8D-ACB3-00C4C272F22B}.AppStore|iPhone.ActiveCfg = Release|Any CPU
		{CD723EB3-A2A9-4D8D-ACB3-00C4C272F22B}.AppStore|iPhone.Build.0 = Release|Any CPU
		{CD723EB3-A2A9-4D8D-ACB3-00C4C272F22B}.Debug|iPhone.ActiveCfg = Debug|Any CPU
		{CD723EB3-A2A9-4D8D-ACB3-00C4C272F22B}.Debug|iPhone.Build.0 = Debug|Any CPU
		{CD723EB3-A2A9-4D8D-ACB3-00C4C272F22B}.Debug|iPhoneSimulator.ActiveCfg = Debug|Any CPU
		{CD723EB3-A2A9-4D8D-ACB3-00C4C272F22B}.Debug|iPhoneSimulator.Build.0 = Debug|Any CPU
		{CD723EB3-A2A9-4D8D-ACB3-00C4C272F22B}.Release|iPhone.ActiveCfg = Release|Any CPU
		{CD723EB3-A2A9-4D8D-ACB3-00C4C272F22B}.Release|iPhone.Build.0 = Release|Any CPU
		{CD723EB3-A2A9-4D8D-ACB3-00C4C272F22B}.Release|iPhoneSimulator.ActiveCfg = Release|Any CPU
		{CD723EB3-A2A9-4D8D-ACB3-00C4C272F22B}.Release|iPhoneSimulator.Build.0 = Release|Any CPU
		{D4D3A830-E718-4634-A85D-FC9699C546AA}.Ad-Hoc|iPhone.ActiveCfg = Ad-Hoc|iPhone
		{D4D3A830-E718-4634-A85D-FC9699C546AA}.Ad-Hoc|iPhone.Build.0 = Ad-Hoc|iPhone
		{D4D3A830-E718-4634-A85D-FC9699C546AA}.AppStore|iPhone.ActiveCfg = AppStore|iPhone
		{D4D3A830-E718-4634-A85D-FC9699C546AA}.AppStore|iPhone.Build.0 = AppStore|iPhone
		{D4D3A830-E718-4634-A85D-FC9699C546AA}.Debug|iPhone.ActiveCfg = Debug|iPhone
		{D4D3A830-E718-4634-A85D-FC9699C546AA}.Debug|iPhone.Build.0 = Debug|iPhone
		{D4D3A830-E718-4634-A85D-FC9699C546AA}.Debug|iPhoneSimulator.ActiveCfg = Debug|iPhoneSimulator
		{D4D3A830-E718-4634-A85D-FC9699C546AA}.Debug|iPhoneSimulator.Build.0 = Debug|iPhoneSimulator
		{D4D3A830-E718-4634-A85D-FC9699C546AA}.Release|iPhone.ActiveCfg = Release|iPhone
		{D4D3A830-E718-4634-A85D-FC9699C546AA}.Release|iPhone.Build.0 = Release|iPhone
		{D4D3A830-E718-4634-A85D-FC9699C546AA}.Release|iPhoneSimulator.ActiveCfg = Release|iPhoneSimulator
		{D4D3A830-E718-4634-A85D-FC9699C546AA}.Release|iPhoneSimulator.Build.0 = Release|iPhoneSimulator
	EndGlobalSection
	GlobalSection(MonoDevelopProperties) = preSolution
		StartupItem = TimerPro.Android\TimerPro.Android.csproj
	EndGlobalSection
EndGlobal
