
Microsoft Visual Studio Solution File, Format Version 11.00
# Visual Studio 2010
Project("{FAE04EC0-301F-11D3-BF4B-00C04F79EFBC}") = "LocationSaver", "LocationSaver\LocationSaver.csproj", "{7487181F-02EE-46A5-9BCC-FFF9AC42E8E5}"
EndProject
Global
	GlobalSection(SolutionConfigurationPlatforms) = preSolution
		Debug|iPhoneSimulator = Debug|iPhoneSimulator
		Release|iPhoneSimulator = Release|iPhoneSimulator
		Debug|iPhone = Debug|iPhone
		Release|iPhone = Release|iPhone
		Ad-Hoc|iPhone = Ad-Hoc|iPhone
		AppStore|iPhone = AppStore|iPhone
	EndGlobalSection
	GlobalSection(ProjectConfigurationPlatforms) = postSolution
		{7487181F-02EE-46A5-9BCC-FFF9AC42E8E5}.Ad-Hoc|iPhone.ActiveCfg = Ad-Hoc|iPhone
		{7487181F-02EE-46A5-9BCC-FFF9AC42E8E5}.Ad-Hoc|iPhone.Build.0 = Ad-Hoc|iPhone
		{7487181F-02EE-46A5-9BCC-FFF9AC42E8E5}.AppStore|iPhone.ActiveCfg = AppStore|iPhone
		{7487181F-02EE-46A5-9BCC-FFF9AC42E8E5}.AppStore|iPhone.Build.0 = AppStore|iPhone
		{7487181F-02EE-46A5-9BCC-FFF9AC42E8E5}.Debug|iPhone.ActiveCfg = Debug|iPhone
		{7487181F-02EE-46A5-9BCC-FFF9AC42E8E5}.Debug|iPhone.Build.0 = Debug|iPhone
		{7487181F-02EE-46A5-9BCC-FFF9AC42E8E5}.Debug|iPhoneSimulator.ActiveCfg = Debug|iPhoneSimulator
		{7487181F-02EE-46A5-9BCC-FFF9AC42E8E5}.Debug|iPhoneSimulator.Build.0 = Debug|iPhoneSimulator
		{7487181F-02EE-46A5-9BCC-FFF9AC42E8E5}.Release|iPhone.ActiveCfg = Release|iPhone
		{7487181F-02EE-46A5-9BCC-FFF9AC42E8E5}.Release|iPhone.Build.0 = Release|iPhone
		{7487181F-02EE-46A5-9BCC-FFF9AC42E8E5}.Release|iPhoneSimulator.ActiveCfg = Release|iPhoneSimulator
		{7487181F-02EE-46A5-9BCC-FFF9AC42E8E5}.Release|iPhoneSimulator.Build.0 = Release|iPhoneSimulator
	EndGlobalSection
	GlobalSection(MonoDevelopProperties) = preSolution
		StartupItem = LocationSaver\LocationSaver.csproj
	EndGlobalSection
EndGlobal
