
Microsoft Visual Studio Solution File, Format Version 11.00
# Visual Studio 2010
Project("{FAE04EC0-301F-11D3-BF4B-00C04F79EFBC}") = "DeathClock.Droid", "DeathClock.Droid\DeathClock.Droid.csproj", "{AF0C02F2-CAF8-4BD4-A4A9-2E989A65F65D}"
EndProject
Project("{FAE04EC0-301F-11D3-BF4B-00C04F79EFBC}") = "DeathClock.OB", "DeathClock.OB\DeathClock.OB.csproj", "{593B3301-4443-46EF-BA81-E954B89BA450}"
EndProject
Project("{FAE04EC0-301F-11D3-BF4B-00C04F79EFBC}") = "MortalityCalculator2.IOS", "MortalityCalculator2.IOS\MortalityCalculator2.IOS.csproj", "{1E9738E6-0320-4A31-87C1-46B64F1E7B3C}"
EndProject
Project("{FAE04EC0-301F-11D3-BF4B-00C04F79EFBC}") = "MortalityCalculator.OB", "MortalityCalculator.OB\MortalityCalculator.OB.csproj", "{62E6F934-1648-4CEB-8A8C-ABDD163D0DA0}"
EndProject
Global
	GlobalSection(SolutionConfigurationPlatforms) = preSolution
		Debug|Any CPU = Debug|Any CPU
		Release|Any CPU = Release|Any CPU
		Debug|iPhoneSimulator = Debug|iPhoneSimulator
		Release|iPhoneSimulator = Release|iPhoneSimulator
		Debug|iPhone = Debug|iPhone
		Release|iPhone = Release|iPhone
		Ad-Hoc|iPhone = Ad-Hoc|iPhone
		AppStore|iPhone = AppStore|iPhone
	EndGlobalSection
	GlobalSection(ProjectConfigurationPlatforms) = postSolution
		{1E9738E6-0320-4A31-87C1-46B64F1E7B3C}.Ad-Hoc|iPhone.ActiveCfg = Ad-Hoc|iPhone
		{1E9738E6-0320-4A31-87C1-46B64F1E7B3C}.Ad-Hoc|iPhone.Build.0 = Ad-Hoc|iPhone
		{1E9738E6-0320-4A31-87C1-46B64F1E7B3C}.AppStore|iPhone.ActiveCfg = AppStore|iPhone
		{1E9738E6-0320-4A31-87C1-46B64F1E7B3C}.AppStore|iPhone.Build.0 = AppStore|iPhone
		{1E9738E6-0320-4A31-87C1-46B64F1E7B3C}.Debug|Any CPU.ActiveCfg = Debug|iPhoneSimulator
		{1E9738E6-0320-4A31-87C1-46B64F1E7B3C}.Debug|Any CPU.Build.0 = Debug|iPhoneSimulator
		{1E9738E6-0320-4A31-87C1-46B64F1E7B3C}.Debug|iPhone.ActiveCfg = Debug|iPhone
		{1E9738E6-0320-4A31-87C1-46B64F1E7B3C}.Debug|iPhone.Build.0 = Debug|iPhone
		{1E9738E6-0320-4A31-87C1-46B64F1E7B3C}.Debug|iPhoneSimulator.ActiveCfg = Debug|iPhoneSimulator
		{1E9738E6-0320-4A31-87C1-46B64F1E7B3C}.Debug|iPhoneSimulator.Build.0 = Debug|iPhoneSimulator
		{1E9738E6-0320-4A31-87C1-46B64F1E7B3C}.Release|Any CPU.ActiveCfg = Release|iPhoneSimulator
		{1E9738E6-0320-4A31-87C1-46B64F1E7B3C}.Release|Any CPU.Build.0 = Release|iPhoneSimulator
		{1E9738E6-0320-4A31-87C1-46B64F1E7B3C}.Release|iPhone.ActiveCfg = Release|iPhone
		{1E9738E6-0320-4A31-87C1-46B64F1E7B3C}.Release|iPhone.Build.0 = Release|iPhone
		{1E9738E6-0320-4A31-87C1-46B64F1E7B3C}.Release|iPhoneSimulator.ActiveCfg = Release|iPhoneSimulator
		{1E9738E6-0320-4A31-87C1-46B64F1E7B3C}.Release|iPhoneSimulator.Build.0 = Release|iPhoneSimulator
		{593B3301-4443-46EF-BA81-E954B89BA450}.Ad-Hoc|iPhone.ActiveCfg = Debug|Any CPU
		{593B3301-4443-46EF-BA81-E954B89BA450}.Ad-Hoc|iPhone.Build.0 = Debug|Any CPU
		{593B3301-4443-46EF-BA81-E954B89BA450}.AppStore|iPhone.ActiveCfg = Debug|Any CPU
		{593B3301-4443-46EF-BA81-E954B89BA450}.AppStore|iPhone.Build.0 = Debug|Any CPU
		{593B3301-4443-46EF-BA81-E954B89BA450}.Debug|Any CPU.ActiveCfg = Debug|Any CPU
		{593B3301-4443-46EF-BA81-E954B89BA450}.Debug|Any CPU.Build.0 = Debug|Any CPU
		{593B3301-4443-46EF-BA81-E954B89BA450}.Debug|iPhone.ActiveCfg = Debug|Any CPU
		{593B3301-4443-46EF-BA81-E954B89BA450}.Debug|iPhone.Build.0 = Debug|Any CPU
		{593B3301-4443-46EF-BA81-E954B89BA450}.Debug|iPhoneSimulator.ActiveCfg = Debug|Any CPU
		{593B3301-4443-46EF-BA81-E954B89BA450}.Debug|iPhoneSimulator.Build.0 = Debug|Any CPU
		{593B3301-4443-46EF-BA81-E954B89BA450}.Release|Any CPU.ActiveCfg = Release|Any CPU
		{593B3301-4443-46EF-BA81-E954B89BA450}.Release|Any CPU.Build.0 = Release|Any CPU
		{593B3301-4443-46EF-BA81-E954B89BA450}.Release|iPhone.ActiveCfg = Release|Any CPU
		{593B3301-4443-46EF-BA81-E954B89BA450}.Release|iPhone.Build.0 = Release|Any CPU
		{593B3301-4443-46EF-BA81-E954B89BA450}.Release|iPhoneSimulator.ActiveCfg = Release|Any CPU
		{593B3301-4443-46EF-BA81-E954B89BA450}.Release|iPhoneSimulator.Build.0 = Release|Any CPU
		{62E6F934-1648-4CEB-8A8C-ABDD163D0DA0}.Ad-Hoc|iPhone.ActiveCfg = Debug|Any CPU
		{62E6F934-1648-4CEB-8A8C-ABDD163D0DA0}.Ad-Hoc|iPhone.Build.0 = Debug|Any CPU
		{62E6F934-1648-4CEB-8A8C-ABDD163D0DA0}.AppStore|iPhone.ActiveCfg = Debug|Any CPU
		{62E6F934-1648-4CEB-8A8C-ABDD163D0DA0}.AppStore|iPhone.Build.0 = Debug|Any CPU
		{62E6F934-1648-4CEB-8A8C-ABDD163D0DA0}.Debug|Any CPU.ActiveCfg = Debug|Any CPU
		{62E6F934-1648-4CEB-8A8C-ABDD163D0DA0}.Debug|Any CPU.Build.0 = Debug|Any CPU
		{62E6F934-1648-4CEB-8A8C-ABDD163D0DA0}.Debug|iPhone.ActiveCfg = Debug|Any CPU
		{62E6F934-1648-4CEB-8A8C-ABDD163D0DA0}.Debug|iPhone.Build.0 = Debug|Any CPU
		{62E6F934-1648-4CEB-8A8C-ABDD163D0DA0}.Debug|iPhoneSimulator.ActiveCfg = Debug|Any CPU
		{62E6F934-1648-4CEB-8A8C-ABDD163D0DA0}.Debug|iPhoneSimulator.Build.0 = Debug|Any CPU
		{62E6F934-1648-4CEB-8A8C-ABDD163D0DA0}.Release|Any CPU.ActiveCfg = Release|Any CPU
		{62E6F934-1648-4CEB-8A8C-ABDD163D0DA0}.Release|Any CPU.Build.0 = Release|Any CPU
		{62E6F934-1648-4CEB-8A8C-ABDD163D0DA0}.Release|iPhone.ActiveCfg = Release|Any CPU
		{62E6F934-1648-4CEB-8A8C-ABDD163D0DA0}.Release|iPhone.Build.0 = Release|Any CPU
		{62E6F934-1648-4CEB-8A8C-ABDD163D0DA0}.Release|iPhoneSimulator.ActiveCfg = Release|Any CPU
		{62E6F934-1648-4CEB-8A8C-ABDD163D0DA0}.Release|iPhoneSimulator.Build.0 = Release|Any CPU
		{AF0C02F2-CAF8-4BD4-A4A9-2E989A65F65D}.Ad-Hoc|iPhone.ActiveCfg = Debug|Any CPU
		{AF0C02F2-CAF8-4BD4-A4A9-2E989A65F65D}.Ad-Hoc|iPhone.Build.0 = Debug|Any CPU
		{AF0C02F2-CAF8-4BD4-A4A9-2E989A65F65D}.AppStore|iPhone.ActiveCfg = Debug|Any CPU
		{AF0C02F2-CAF8-4BD4-A4A9-2E989A65F65D}.AppStore|iPhone.Build.0 = Debug|Any CPU
		{AF0C02F2-CAF8-4BD4-A4A9-2E989A65F65D}.Debug|Any CPU.ActiveCfg = Debug|Any CPU
		{AF0C02F2-CAF8-4BD4-A4A9-2E989A65F65D}.Debug|Any CPU.Build.0 = Debug|Any CPU
		{AF0C02F2-CAF8-4BD4-A4A9-2E989A65F65D}.Debug|iPhone.ActiveCfg = Debug|Any CPU
		{AF0C02F2-CAF8-4BD4-A4A9-2E989A65F65D}.Debug|iPhone.Build.0 = Debug|Any CPU
		{AF0C02F2-CAF8-4BD4-A4A9-2E989A65F65D}.Debug|iPhoneSimulator.ActiveCfg = Debug|Any CPU
		{AF0C02F2-CAF8-4BD4-A4A9-2E989A65F65D}.Debug|iPhoneSimulator.Build.0 = Debug|Any CPU
		{AF0C02F2-CAF8-4BD4-A4A9-2E989A65F65D}.Release|Any CPU.ActiveCfg = Release|Any CPU
		{AF0C02F2-CAF8-4BD4-A4A9-2E989A65F65D}.Release|Any CPU.Build.0 = Release|Any CPU
		{AF0C02F2-CAF8-4BD4-A4A9-2E989A65F65D}.Release|iPhone.ActiveCfg = Release|Any CPU
		{AF0C02F2-CAF8-4BD4-A4A9-2E989A65F65D}.Release|iPhone.Build.0 = Release|Any CPU
		{AF0C02F2-CAF8-4BD4-A4A9-2E989A65F65D}.Release|iPhoneSimulator.ActiveCfg = Release|Any CPU
		{AF0C02F2-CAF8-4BD4-A4A9-2E989A65F65D}.Release|iPhoneSimulator.Build.0 = Release|Any CPU
	EndGlobalSection
EndGlobal
